
Microsoft Visual Studio Solution File, Format Version 12.00
# Visual Studio Version 17
VisualStudioVersion = 17.13.35818.85
MinimumVisualStudioVersion = 10.0.40219.1
Project("{FAE04EC0-301F-11D3-BF4B-00C04F79EFBC}") = "SocialNetwork.API", "SocialNetwork.API\SocialNetwork.API.csproj", "{5B582ED4-29F5-47D9-888A-437B3FCD9CAF}"
EndProject
Project("{FAE04EC0-301F-11D3-BF4B-00C04F79EFBC}") = "SocialNetwork.Core", "SocialNetwork.Core\SocialNetwork.Core.csproj", "{23A3926D-4682-476D-A30B-29243C627B6B}"
EndProject
Project("{FAE04EC0-301F-11D3-BF4B-00C04F79EFBC}") = "SocialNetwork.DataAccess", "SocialNetwork.DataAccess\SocialNetwork.DataAccess.csproj", "{7F4DFE61-C474-43CC-B609-964FCBD2D98E}"
EndProject
Project("{FAE04EC0-301F-11D3-BF4B-00C04F79EFBC}") = "SocialNetwork.Application", "SocialNetwork.Application\SocialNetwork.Application.csproj", "{486A9EAD-38C4-43E9-A8AD-9356C2032AC7}"
EndProject
Project("{FAE04EC0-301F-11D3-BF4B-00C04F79EFBC}") = "SocialNetwork.Tests", "SocialNetwork.Tests\SocialNetwork.Tests.csproj", "{B35A953E-6B92-4832-BA41-FE5722B9CEFD}"
EndProject
Project("{E53339B2-1760-4266-BCC7-CA923CBCF16C}") = "docker-compose", "docker-compose.dcproj", "{81DDED9D-158B-E303-5F62-77A2896D2A5A}"
EndProject
Project("{2150E333-8FDC-42A3-9474-1A3956D46DE8}") = "src", "src", "{36D591C7-65C7-A0D1-1CBC-10CDE441BDC8}"
EndProject
Project("{2150E333-8FDC-42A3-9474-1A3956D46DE8}") = "test", "test", "{4221EDDE-61AB-40ED-BD4E-21F8ADAE7012}"
EndProject
Global
	GlobalSection(SolutionConfigurationPlatforms) = preSolution
		Debug|Any CPU = Debug|Any CPU
		Release|Any CPU = Release|Any CPU
	EndGlobalSection
	GlobalSection(ProjectConfigurationPlatforms) = postSolution
		{5B582ED4-29F5-47D9-888A-437B3FCD9CAF}.Debug|Any CPU.ActiveCfg = Debug|Any CPU
		{5B582ED4-29F5-47D9-888A-437B3FCD9CAF}.Debug|Any CPU.Build.0 = Debug|Any CPU
		{5B582ED4-29F5-47D9-888A-437B3FCD9CAF}.Release|Any CPU.ActiveCfg = Release|Any CPU
		{5B582ED4-29F5-47D9-888A-437B3FCD9CAF}.Release|Any CPU.Build.0 = Release|Any CPU
		{23A3926D-4682-476D-A30B-29243C627B6B}.Debug|Any CPU.ActiveCfg = Debug|Any CPU
		{23A3926D-4682-476D-A30B-29243C627B6B}.Debug|Any CPU.Build.0 = Debug|Any CPU
		{23A3926D-4682-476D-A30B-29243C627B6B}.Release|Any CPU.ActiveCfg = Release|Any CPU
		{23A3926D-4682-476D-A30B-29243C627B6B}.Release|Any CPU.Build.0 = Release|Any CPU
		{7F4DFE61-C474-43CC-B609-964FCBD2D98E}.Debug|Any CPU.ActiveCfg = Debug|Any CPU
		{7F4DFE61-C474-43CC-B609-964FCBD2D98E}.Debug|Any CPU.Build.0 = Debug|Any CPU
		{7F4DFE61-C474-43CC-B609-964FCBD2D98E}.Release|Any CPU.ActiveCfg = Release|Any CPU
		{7F4DFE61-C474-43CC-B609-964FCBD2D98E}.Release|Any CPU.Build.0 = Release|Any CPU
		{486A9EAD-38C4-43E9-A8AD-9356C2032AC7}.Debug|Any CPU.ActiveCfg = Debug|Any CPU
		{486A9EAD-38C4-43E9-A8AD-9356C2032AC7}.Debug|Any CPU.Build.0 = Debug|Any CPU
		{486A9EAD-38C4-43E9-A8AD-9356C2032AC7}.Release|Any CPU.ActiveCfg = Release|Any CPU
		{486A9EAD-38C4-43E9-A8AD-9356C2032AC7}.Release|Any CPU.Build.0 = Release|Any CPU
		{B35A953E-6B92-4832-BA41-FE5722B9CEFD}.Debug|Any CPU.ActiveCfg = Debug|Any CPU
		{B35A953E-6B92-4832-BA41-FE5722B9CEFD}.Debug|Any CPU.Build.0 = Debug|Any CPU
		{B35A953E-6B92-4832-BA41-FE5722B9CEFD}.Release|Any CPU.ActiveCfg = Release|Any CPU
		{B35A953E-6B92-4832-BA41-FE5722B9CEFD}.Release|Any CPU.Build.0 = Release|Any CPU
		{81DDED9D-158B-E303-5F62-77A2896D2A5A}.Debug|Any CPU.ActiveCfg = Debug|Any CPU
		{81DDED9D-158B-E303-5F62-77A2896D2A5A}.Debug|Any CPU.Build.0 = Debug|Any CPU
		{81DDED9D-158B-E303-5F62-77A2896D2A5A}.Release|Any CPU.ActiveCfg = Release|Any CPU
		{81DDED9D-158B-E303-5F62-77A2896D2A5A}.Release|Any CPU.Build.0 = Release|Any CPU
	EndGlobalSection
	GlobalSection(SolutionProperties) = preSolution
		HideSolutionNode = FALSE
	EndGlobalSection
	GlobalSection(NestedProjects) = preSolution
		{5B582ED4-29F5-47D9-888A-437B3FCD9CAF} = {36D591C7-65C7-A0D1-1CBC-10CDE441BDC8}
		{23A3926D-4682-476D-A30B-29243C627B6B} = {36D591C7-65C7-A0D1-1CBC-10CDE441BDC8}
		{7F4DFE61-C474-43CC-B609-964FCBD2D98E} = {36D591C7-65C7-A0D1-1CBC-10CDE441BDC8}
		{486A9EAD-38C4-43E9-A8AD-9356C2032AC7} = {36D591C7-65C7-A0D1-1CBC-10CDE441BDC8}
		{B35A953E-6B92-4832-BA41-FE5722B9CEFD} = {4221EDDE-61AB-40ED-BD4E-21F8ADAE7012}
	EndGlobalSection
	GlobalSection(ExtensibilityGlobals) = postSolution
		SolutionGuid = {B2A4584E-DB33-45A3-8CF7-50977F85B115}
	EndGlobalSection
EndGlobal
